{
  "name": "radar.allegro.tech",
  "version": "1.0.0",
  "lockfileVersion": 3,
  "requires": true,
  "packages": {
    "": {
      "name": "radar.allegro.tech",
      "version": "1.0.0",
      "license": "MIT",
      "dependencies": {
        "aoe_technology_radar": "^4",
        "slugify": "^1.6.6"
      }
    },
    "node_modules/aoe_technology_radar": {
      "version": "4.6.1",
      "resolved": "https://registry.npmjs.org/aoe_technology_radar/-/aoe_technology_radar-4.6.1.tgz",
      "integrity": "sha512-pHnmNfqiVm+UhT2WSjMLL/+gyqGkCXenAULCGy7XNPJPyyx/aeP1s3g1WETVseYami3XMVoZ/JPNrgQRA6msjA==",
      "hasInstallScript": true,
      "bin": {
        "techradar": "bin/techradar.js"
      }
    },
    "node_modules/slugify": {
      "version": "1.6.6",
      "resolved": "https://registry.npmjs.org/slugify/-/slugify-1.6.6.tgz",
      "integrity": "sha512-h+z7HKHYXj6wJU+AnS/+IH8Uh9fdcX1Lrhg1/VMdf9PwoBQXFcXiAdsy2tSK0P6gKwJLXp02r90ahUCqHk9rrw==",
      "license": "MIT",
      "engines": {
        "node": ">=8.0.0"
      }
    }
  }
}
